
Microsoft Visual Studio Solution File, Format Version 12.00
# Visual Studio Version 17
VisualStudioVersion = 17.7.34202.233
MinimumVisualStudioVersion = 10.0.40219.1
Project("{FAE04EC0-301F-11D3-BF4B-00C04F79EFBC}") = "dzz", "dzz\dzz.csproj", "{756B2D9B-2AF6-4F69-B4DA-B84CF183B616}"
EndProject
Global
	GlobalSection(SolutionConfigurationPlatforms) = preSolution
		Debug|Any CPU = Debug|Any CPU
		Release|Any CPU = Release|Any CPU
	EndGlobalSection
	GlobalSection(ProjectConfigurationPlatforms) = postSolution
		{756B2D9B-2AF6-4F69-B4DA-B84CF183B616}.Debug|Any CPU.ActiveCfg = Debug|Any CPU
		{756B2D9B-2AF6-4F69-B4DA-B84CF183B616}.Debug|Any CPU.Build.0 = Debug|Any CPU
		{756B2D9B-2AF6-4F69-B4DA-B84CF183B616}.Release|Any CPU.ActiveCfg = Release|Any CPU
		{756B2D9B-2AF6-4F69-B4DA-B84CF183B616}.Release|Any CPU.Build.0 = Release|Any CPU
	EndGlobalSection
	GlobalSection(SolutionProperties) = preSolution
		HideSolutionNode = FALSE
	EndGlobalSection
	GlobalSection(ExtensibilityGlobals) = postSolution
		SolutionGuid = {529A82FE-C757-41D6-A356-1CF8476EC561}
	EndGlobalSection
EndGlobal
